// !$*UTF8*$!
{
	archiveVersion = 1;
	classes = {
	};
	objectVersion = 55;
	objects = {

/* Begin PBXBuildFile section */
		C0316B7C275243CF00BBE3D9 /* Top.swift in Sources */ = {isa = PBXBuildFile; fileRef = C0316B54275243CC00BBE3D9 /* Top.swift */; };
		C0316B7D275243CF00BBE3D9 /* Top.swift in Sources */ = {isa = PBXBuildFile; fileRef = C0316B54275243CC00BBE3D9 /* Top.swift */; };
		C0316B7E275243CF00BBE3D9 /* RootView.swift in Sources */ = {isa = PBXBuildFile; fileRef = C0316B55275243CC00BBE3D9 /* RootView.swift */; };
		C0316B7F275243CF00BBE3D9 /* RootView.swift in Sources */ = {isa = PBXBuildFile; fileRef = C0316B55275243CC00BBE3D9 /* RootView.swift */; };
		C0316B80275243CF00BBE3D9 /* Assets.xcassets in Resources */ = {isa = PBXBuildFile; fileRef = C0316B56275243CE00BBE3D9 /* Assets.xcassets */; };
		C0316B81275243CF00BBE3D9 /* Assets.xcassets in Resources */ = {isa = PBXBuildFile; fileRef = C0316B56275243CE00BBE3D9 /* Assets.xcassets */; };
		C0316B922752444800BBE3D9 /* randomusers.json in Resources */ = {isa = PBXBuildFile; fileRef = C0316B912752444800BBE3D9 /* randomusers.json */; };
		C0316B932752444800BBE3D9 /* randomusers.json in Resources */ = {isa = PBXBuildFile; fileRef = C0316B912752444800BBE3D9 /* randomusers.json */; };
		C0316BA32752491E00BBE3D9 /* LoginScreen.swift in Sources */ = {isa = PBXBuildFile; fileRef = C0316BA22752491E00BBE3D9 /* LoginScreen.swift */; };
		C0316BA42752491E00BBE3D9 /* LoginScreen.swift in Sources */ = {isa = PBXBuildFile; fileRef = C0316BA22752491E00BBE3D9 /* LoginScreen.swift */; };
		C0316BA627525F3800BBE3D9 /* Extensions.swift in Sources */ = {isa = PBXBuildFile; fileRef = C0316BA527525F3800BBE3D9 /* Extensions.swift */; };
		C0316BA727525F3800BBE3D9 /* Extensions.swift in Sources */ = {isa = PBXBuildFile; fileRef = C0316BA527525F3800BBE3D9 /* Extensions.swift */; };
		C0316BB22752690900BBE3D9 /* SignUpScreen.swift in Sources */ = {isa = PBXBuildFile; fileRef = C0316BB12752690900BBE3D9 /* SignUpScreen.swift */; };
		C0316BB32752690900BBE3D9 /* SignUpScreen.swift in Sources */ = {isa = PBXBuildFile; fileRef = C0316BB12752690900BBE3D9 /* SignUpScreen.swift */; };
		C0DAACD2275BF3DD001A4EB4 /* SwiftUIRouter in Frameworks */ = {isa = PBXBuildFile; productRef = C0DAACD1275BF3DD001A4EB4 /* SwiftUIRouter */; };
		C0DAACD4275BF3E4001A4EB4 /* SwiftUIRouter in Frameworks */ = {isa = PBXBuildFile; productRef = C0DAACD3275BF3E4001A4EB4 /* SwiftUIRouter */; };
		DD9FE5F32969F7ED00F06F07 /* ForgotPasswordScreen.swift in Sources */ = {isa = PBXBuildFile; fileRef = DDF2E2D429691E8000B0DE45 /* ForgotPasswordScreen.swift */; };
		DD9FE5F62969F81500F06F07 /* NavigationBar.swift in Sources */ = {isa = PBXBuildFile; fileRef = DD9FE5F52969F81500F06F07 /* NavigationBar.swift */; };
		DD9FE5F72969F81500F06F07 /* NavigationBar.swift in Sources */ = {isa = PBXBuildFile; fileRef = DD9FE5F52969F81500F06F07 /* NavigationBar.swift */; };
		DD9FE5F92969FF8A00F06F07 /* LeaderboardScreen.swift in Sources */ = {isa = PBXBuildFile; fileRef = DD9FE5F82969FF8A00F06F07 /* LeaderboardScreen.swift */; };
		DDF2E2C42967D36100B0DE45 /* HomeScreen.swift in Sources */ = {isa = PBXBuildFile; fileRef = DDF2E2C32967D36100B0DE45 /* HomeScreen.swift */; };
		DDF2E2C52967D36100B0DE45 /* HomeScreen.swift in Sources */ = {isa = PBXBuildFile; fileRef = DDF2E2C32967D36100B0DE45 /* HomeScreen.swift */; };
		DDF2E2CF2969053700B0DE45 /* FirebaseAuth in Frameworks */ = {isa = PBXBuildFile; productRef = DDF2E2CE2969053700B0DE45 /* FirebaseAuth */; };
		DDF2E2D12969053700B0DE45 /* FirebaseFirestore in Frameworks */ = {isa = PBXBuildFile; productRef = DDF2E2D02969053700B0DE45 /* FirebaseFirestore */; };
		DDF2E2D32969063D00B0DE45 /* GoogleService-Info.plist in Resources */ = {isa = PBXBuildFile; fileRef = DDF2E2D22969063D00B0DE45 /* GoogleService-Info.plist */; };
		DDF2E2D529691E8000B0DE45 /* ForgotPasswordScreen.swift in Sources */ = {isa = PBXBuildFile; fileRef = DDF2E2D429691E8000B0DE45 /* ForgotPasswordScreen.swift */; };
		DDF2E2D82969317600B0DE45 /* Utilities.swift in Sources */ = {isa = PBXBuildFile; fileRef = DDF2E2D72969317600B0DE45 /* Utilities.swift */; };
/* End PBXBuildFile section */

/* Begin PBXFileReference section */
		C0316B54275243CC00BBE3D9 /* Top.swift */ = {isa = PBXFileReference; lastKnownFileType = sourcecode.swift; path = Top.swift; sourceTree = "<group>"; };
		C0316B55275243CC00BBE3D9 /* RootView.swift */ = {isa = PBXFileReference; lastKnownFileType = sourcecode.swift; path = RootView.swift; sourceTree = "<group>"; };
		C0316B56275243CE00BBE3D9 /* Assets.xcassets */ = {isa = PBXFileReference; lastKnownFileType = folder.assetcatalog; path = Assets.xcassets; sourceTree = "<group>"; };
		C0316B5B275243CE00BBE3D9 /* Top.app */ = {isa = PBXFileReference; explicitFileType = wrapper.application; includeInIndex = 0; path = Top.app; sourceTree = BUILT_PRODUCTS_DIR; };
		C0316B61275243CE00BBE3D9 /* Top.app */ = {isa = PBXFileReference; explicitFileType = wrapper.application; includeInIndex = 0; path = Top.app; sourceTree = BUILT_PRODUCTS_DIR; };
		C0316B63275243CE00BBE3D9 /* macOS.entitlements */ = {isa = PBXFileReference; lastKnownFileType = text.plist.entitlements; path = macOS.entitlements; sourceTree = "<group>"; };
		C0316B912752444800BBE3D9 /* randomusers.json */ = {isa = PBXFileReference; fileEncoding = 4; lastKnownFileType = text.json; path = randomusers.json; sourceTree = "<group>"; };
		C0316BA22752491E00BBE3D9 /* LoginScreen.swift */ = {isa = PBXFileReference; lastKnownFileType = sourcecode.swift; path = LoginScreen.swift; sourceTree = "<group>"; };
		C0316BA527525F3800BBE3D9 /* Extensions.swift */ = {isa = PBXFileReference; lastKnownFileType = sourcecode.swift; path = Extensions.swift; sourceTree = "<group>"; };
		C0316BB12752690900BBE3D9 /* SignUpScreen.swift */ = {isa = PBXFileReference; lastKnownFileType = sourcecode.swift; path = SignUpScreen.swift; sourceTree = "<group>"; };
		DD9FE5F52969F81500F06F07 /* NavigationBar.swift */ = {isa = PBXFileReference; lastKnownFileType = sourcecode.swift; path = NavigationBar.swift; sourceTree = "<group>"; };
		DD9FE5F82969FF8A00F06F07 /* LeaderboardScreen.swift */ = {isa = PBXFileReference; lastKnownFileType = sourcecode.swift; path = LeaderboardScreen.swift; sourceTree = "<group>"; };
		DDF2E2C32967D36100B0DE45 /* HomeScreen.swift */ = {isa = PBXFileReference; lastKnownFileType = sourcecode.swift; path = HomeScreen.swift; sourceTree = "<group>"; };
		DDF2E2D22969063D00B0DE45 /* GoogleService-Info.plist */ = {isa = PBXFileReference; fileEncoding = 4; lastKnownFileType = text.plist.xml; path = "GoogleService-Info.plist"; sourceTree = "<group>"; };
		DDF2E2D429691E8000B0DE45 /* ForgotPasswordScreen.swift */ = {isa = PBXFileReference; lastKnownFileType = sourcecode.swift; path = ForgotPasswordScreen.swift; sourceTree = "<group>"; };
		DDF2E2D62969241E00B0DE45 /* Top (iOS).entitlements */ = {isa = PBXFileReference; lastKnownFileType = text.plist.entitlements; path = "Top (iOS).entitlements"; sourceTree = "<group>"; };
		DDF2E2D72969317600B0DE45 /* Utilities.swift */ = {isa = PBXFileReference; lastKnownFileType = sourcecode.swift; path = Utilities.swift; sourceTree = "<group>"; };
/* End PBXFileReference section */

/* Begin PBXFrameworksBuildPhase section */
		C0316B58275243CE00BBE3D9 /* Frameworks */ = {
			isa = PBXFrameworksBuildPhase;
			buildActionMask = 2147483647;
			files = (
				C0DAACD2275BF3DD001A4EB4 /* SwiftUIRouter in Frameworks */,
				DDF2E2CF2969053700B0DE45 /* FirebaseAuth in Frameworks */,
				DDF2E2D12969053700B0DE45 /* FirebaseFirestore in Frameworks */,
			);
			runOnlyForDeploymentPostprocessing = 0;
		};
		C0316B5E275243CE00BBE3D9 /* Frameworks */ = {
			isa = PBXFrameworksBuildPhase;
			buildActionMask = 2147483647;
			files = (
				C0DAACD4275BF3E4001A4EB4 /* SwiftUIRouter in Frameworks */,
			);
			runOnlyForDeploymentPostprocessing = 0;
		};
/* End PBXFrameworksBuildPhase section */

/* Begin PBXGroup section */
		C0316B4E275243CC00BBE3D9 = {
			isa = PBXGroup;
			children = (
				DDF2E2D62969241E00B0DE45 /* Top (iOS).entitlements */,
				C0316B53275243CC00BBE3D9 /* Shared */,
				C0316B62275243CE00BBE3D9 /* macOS */,
				C0316B5C275243CE00BBE3D9 /* Products */,
				C0316B97275244BD00BBE3D9 /* Frameworks */,
			);
			sourceTree = "<group>";
		};
		C0316B53275243CC00BBE3D9 /* Shared */ = {
			isa = PBXGroup;
			children = (
				DDF2E2D22969063D00B0DE45 /* GoogleService-Info.plist */,
				C0316B54275243CC00BBE3D9 /* Top.swift */,
				C0316B55275243CC00BBE3D9 /* RootView.swift */,
				C0316BA527525F3800BBE3D9 /* Extensions.swift */,
				DDF2E2D72969317600B0DE45 /* Utilities.swift */,
				C0316BA12752491000BBE3D9 /* Screens */,
				C0316B9A2752450B00BBE3D9 /* Data */,
				C0316B902752444800BBE3D9 /* Resources */,
				C0316B56275243CE00BBE3D9 /* Assets.xcassets */,
			);
			path = Shared;
			sourceTree = "<group>";
		};
		C0316B5C275243CE00BBE3D9 /* Products */ = {
			isa = PBXGroup;
			children = (
				C0316B5B275243CE00BBE3D9 /* Top.app */,
				C0316B61275243CE00BBE3D9 /* Top.app */,
			);
			name = Products;
			sourceTree = "<group>";
		};
		C0316B62275243CE00BBE3D9 /* macOS */ = {
			isa = PBXGroup;
			children = (
				C0316B63275243CE00BBE3D9 /* macOS.entitlements */,
			);
			path = macOS;
			sourceTree = "<group>";
		};
		C0316B902752444800BBE3D9 /* Resources */ = {
			isa = PBXGroup;
			children = (
				C0316B912752444800BBE3D9 /* randomusers.json */,
			);
			path = Resources;
			sourceTree = "<group>";
		};
		C0316B97275244BD00BBE3D9 /* Frameworks */ = {
			isa = PBXGroup;
			children = (
			);
			name = Frameworks;
			sourceTree = "<group>";
		};
		C0316B9A2752450B00BBE3D9 /* Data */ = {
			isa = PBXGroup;
			children = (
			);
			path = Data;
			sourceTree = "<group>";
		};
		C0316BA12752491000BBE3D9 /* Screens */ = {
			isa = PBXGroup;
			children = (
				DD9FE5F42969F7F800F06F07 /* App */,
				DD9FE5F22969F7E000F06F07 /* Login */,
			);
			path = Screens;
			sourceTree = "<group>";
		};
		DD9FE5F22969F7E000F06F07 /* Login */ = {
			isa = PBXGroup;
			children = (
				C0316BB12752690900BBE3D9 /* SignUpScreen.swift */,
				DDF2E2D429691E8000B0DE45 /* ForgotPasswordScreen.swift */,
				C0316BA22752491E00BBE3D9 /* LoginScreen.swift */,
			);
			path = Login;
			sourceTree = "<group>";
		};
		DD9FE5F42969F7F800F06F07 /* App */ = {
			isa = PBXGroup;
			children = (
				DDF2E2C32967D36100B0DE45 /* HomeScreen.swift */,
				DD9FE5F52969F81500F06F07 /* NavigationBar.swift */,
				DD9FE5F82969FF8A00F06F07 /* LeaderboardScreen.swift */,
			);
			path = App;
			sourceTree = "<group>";
		};
/* End PBXGroup section */

/* Begin PBXNativeTarget section */
		C0316B5A275243CE00BBE3D9 /* Top (iOS) */ = {
			isa = PBXNativeTarget;
			buildConfigurationList = C0316B84275243CF00BBE3D9 /* Build configuration list for PBXNativeTarget "Top (iOS)" */;
			buildPhases = (
				C0316B57275243CE00BBE3D9 /* Sources */,
				C0316B58275243CE00BBE3D9 /* Frameworks */,
				C0316B59275243CE00BBE3D9 /* Resources */,
			);
			buildRules = (
			);
			dependencies = (
			);
			name = "Top (iOS)";
			packageProductDependencies = (
				C0DAACD1275BF3DD001A4EB4 /* SwiftUIRouter */,
				DDF2E2CE2969053700B0DE45 /* FirebaseAuth */,
				DDF2E2D02969053700B0DE45 /* FirebaseFirestore */,
			);
			productName = "RandomUsers (iOS)";
			productReference = C0316B5B275243CE00BBE3D9 /* Top.app */;
			productType = "com.apple.product-type.application";
		};
		C0316B60275243CE00BBE3D9 /* Top (macOS) */ = {
			isa = PBXNativeTarget;
			buildConfigurationList = C0316B87275243CF00BBE3D9 /* Build configuration list for PBXNativeTarget "Top (macOS)" */;
			buildPhases = (
				C0316B5D275243CE00BBE3D9 /* Sources */,
				C0316B5E275243CE00BBE3D9 /* Frameworks */,
				C0316B5F275243CE00BBE3D9 /* Resources */,
			);
			buildRules = (
			);
			dependencies = (
			);
			name = "Top (macOS)";
			packageProductDependencies = (
				C0DAACD3275BF3E4001A4EB4 /* SwiftUIRouter */,
			);
			productName = "RandomUsers (macOS)";
			productReference = C0316B61275243CE00BBE3D9 /* Top.app */;
			productType = "com.apple.product-type.application";
		};
/* End PBXNativeTarget section */

/* Begin PBXProject section */
		C0316B4F275243CC00BBE3D9 /* Project object */ = {
			isa = PBXProject;
			attributes = {
				BuildIndependentTargetsInParallel = 1;
				LastSwiftUpdateCheck = 1320;
				LastUpgradeCheck = 1420;
				TargetAttributes = {
					C0316B5A275243CE00BBE3D9 = {
						CreatedOnToolsVersion = 13.2;
					};
					C0316B60275243CE00BBE3D9 = {
						CreatedOnToolsVersion = 13.2;
					};
				};
			};
			buildConfigurationList = C0316B52275243CC00BBE3D9 /* Build configuration list for PBXProject "Top" */;
			compatibilityVersion = "Xcode 13.0";
			developmentRegion = en;
			hasScannedForEncodings = 0;
			knownRegions = (
				en,
				Base,
			);
			mainGroup = C0316B4E275243CC00BBE3D9;
			packageReferences = (
				C0DAACD0275BF3DD001A4EB4 /* XCRemoteSwiftPackageReference "SwiftUIRouter" */,
				DDF2E2CD2969053700B0DE45 /* XCRemoteSwiftPackageReference "firebase-ios-sdk" */,
			);
			productRefGroup = C0316B5C275243CE00BBE3D9 /* Products */;
			projectDirPath = "";
			projectRoot = "";
			targets = (
				C0316B5A275243CE00BBE3D9 /* Top (iOS) */,
				C0316B60275243CE00BBE3D9 /* Top (macOS) */,
			);
		};
/* End PBXProject section */

/* Begin PBXResourcesBuildPhase section */
		C0316B59275243CE00BBE3D9 /* Resources */ = {
			isa = PBXResourcesBuildPhase;
			buildActionMask = 2147483647;
			files = (
				C0316B80275243CF00BBE3D9 /* Assets.xcassets in Resources */,
				C0316B922752444800BBE3D9 /* randomusers.json in Resources */,
				DDF2E2D32969063D00B0DE45 /* GoogleService-Info.plist in Resources */,
			);
			runOnlyForDeploymentPostprocessing = 0;
		};
		C0316B5F275243CE00BBE3D9 /* Resources */ = {
			isa = PBXResourcesBuildPhase;
			buildActionMask = 2147483647;
			files = (
				C0316B81275243CF00BBE3D9 /* Assets.xcassets in Resources */,
				C0316B932752444800BBE3D9 /* randomusers.json in Resources */,
			);
			runOnlyForDeploymentPostprocessing = 0;
		};
/* End PBXResourcesBuildPhase section */

/* Begin PBXSourcesBuildPhase section */
		C0316B57275243CE00BBE3D9 /* Sources */ = {
			isa = PBXSourcesBuildPhase;
			buildActionMask = 2147483647;
			files = (
				C0316B7E275243CF00BBE3D9 /* RootView.swift in Sources */,
				DD9FE5F92969FF8A00F06F07 /* LeaderboardScreen.swift in Sources */,
				DDF2E2D529691E8000B0DE45 /* ForgotPasswordScreen.swift in Sources */,
				C0316BA627525F3800BBE3D9 /* Extensions.swift in Sources */,
				C0316BA32752491E00BBE3D9 /* LoginScreen.swift in Sources */,
				DDF2E2C42967D36100B0DE45 /* HomeScreen.swift in Sources */,
				DD9FE5F62969F81500F06F07 /* NavigationBar.swift in Sources */,
				C0316B7C275243CF00BBE3D9 /* Top.swift in Sources */,
				DDF2E2D82969317600B0DE45 /* Utilities.swift in Sources */,
				C0316BB22752690900BBE3D9 /* SignUpScreen.swift in Sources */,
			);
			runOnlyForDeploymentPostprocessing = 0;
		};
		C0316B5D275243CE00BBE3D9 /* Sources */ = {
			isa = PBXSourcesBuildPhase;
			buildActionMask = 2147483647;
			files = (
				C0316B7F275243CF00BBE3D9 /* RootView.swift in Sources */,
				DD9FE5F32969F7ED00F06F07 /* ForgotPasswordScreen.swift in Sources */,
				C0316BA727525F3800BBE3D9 /* Extensions.swift in Sources */,
				DD9FE5F72969F81500F06F07 /* NavigationBar.swift in Sources */,
				C0316BA42752491E00BBE3D9 /* LoginScreen.swift in Sources */,
				DDF2E2C52967D36100B0DE45 /* HomeScreen.swift in Sources */,
				C0316B7D275243CF00BBE3D9 /* Top.swift in Sources */,
				C0316BB32752690900BBE3D9 /* SignUpScreen.swift in Sources */,
			);
			runOnlyForDeploymentPostprocessing = 0;
		};
/* End PBXSourcesBuildPhase section */

/* Begin XCBuildConfiguration section */
		C0316B82275243CF00BBE3D9 /* Debug */ = {
			isa = XCBuildConfiguration;
			buildSettings = {
				ALWAYS_SEARCH_USER_PATHS = NO;
				CLANG_ANALYZER_NONNULL = YES;
				CLANG_ANALYZER_NUMBER_OBJECT_CONVERSION = YES_AGGRESSIVE;
				CLANG_CXX_LANGUAGE_STANDARD = "gnu++17";
				CLANG_CXX_LIBRARY = "libc++";
				CLANG_ENABLE_MODULES = YES;
				CLANG_ENABLE_OBJC_ARC = YES;
				CLANG_ENABLE_OBJC_WEAK = YES;
				CLANG_WARN_BLOCK_CAPTURE_AUTORELEASING = YES;
				CLANG_WARN_BOOL_CONVERSION = YES;
				CLANG_WARN_COMMA = YES;
				CLANG_WARN_CONSTANT_CONVERSION = YES;
				CLANG_WARN_DEPRECATED_OBJC_IMPLEMENTATIONS = YES;
				CLANG_WARN_DIRECT_OBJC_ISA_USAGE = YES_ERROR;
				CLANG_WARN_DOCUMENTATION_COMMENTS = YES;
				CLANG_WARN_EMPTY_BODY = YES;
				CLANG_WARN_ENUM_CONVERSION = YES;
				CLANG_WARN_INFINITE_RECURSION = YES;
				CLANG_WARN_INT_CONVERSION = YES;
				CLANG_WARN_NON_LITERAL_NULL_CONVERSION = YES;
				CLANG_WARN_OBJC_IMPLICIT_RETAIN_SELF = YES;
				CLANG_WARN_OBJC_LITERAL_CONVERSION = YES;
				CLANG_WARN_OBJC_ROOT_CLASS = YES_ERROR;
				CLANG_WARN_QUOTED_INCLUDE_IN_FRAMEWORK_HEADER = YES;
				CLANG_WARN_RANGE_LOOP_ANALYSIS = YES;
				CLANG_WARN_STRICT_PROTOTYPES = YES;
				CLANG_WARN_SUSPICIOUS_MOVE = YES;
				CLANG_WARN_UNGUARDED_AVAILABILITY = YES_AGGRESSIVE;
				CLANG_WARN_UNREACHABLE_CODE = YES;
				CLANG_WARN__DUPLICATE_METHOD_MATCH = YES;
				COPY_PHASE_STRIP = NO;
				DEAD_CODE_STRIPPING = YES;
				DEBUG_INFORMATION_FORMAT = dwarf;
				ENABLE_STRICT_OBJC_MSGSEND = YES;
				ENABLE_TESTABILITY = YES;
				GCC_C_LANGUAGE_STANDARD = gnu11;
				GCC_DYNAMIC_NO_PIC = NO;
				GCC_NO_COMMON_BLOCKS = YES;
				GCC_OPTIMIZATION_LEVEL = 0;
				GCC_PREPROCESSOR_DEFINITIONS = (
					"DEBUG=1",
					"$(inherited)",
				);
				GCC_WARN_64_TO_32_BIT_CONVERSION = YES;
				GCC_WARN_ABOUT_RETURN_TYPE = YES_ERROR;
				GCC_WARN_UNDECLARED_SELECTOR = YES;
				GCC_WARN_UNINITIALIZED_AUTOS = YES_AGGRESSIVE;
				GCC_WARN_UNUSED_FUNCTION = YES;
				GCC_WARN_UNUSED_VARIABLE = YES;
				MTL_ENABLE_DEBUG_INFO = INCLUDE_SOURCE;
				MTL_FAST_MATH = YES;
				ONLY_ACTIVE_ARCH = YES;
				SWIFT_ACTIVE_COMPILATION_CONDITIONS = DEBUG;
				SWIFT_OPTIMIZATION_LEVEL = "-Onone";
			};
			name = Debug;
		};
		C0316B83275243CF00BBE3D9 /* Release */ = {
			isa = XCBuildConfiguration;
			buildSettings = {
				ALWAYS_SEARCH_USER_PATHS = NO;
				CLANG_ANALYZER_NONNULL = YES;
				CLANG_ANALYZER_NUMBER_OBJECT_CONVERSION = YES_AGGRESSIVE;
				CLANG_CXX_LANGUAGE_STANDARD = "gnu++17";
				CLANG_CXX_LIBRARY = "libc++";
				CLANG_ENABLE_MODULES = YES;
				CLANG_ENABLE_OBJC_ARC = YES;
				CLANG_ENABLE_OBJC_WEAK = YES;
				CLANG_WARN_BLOCK_CAPTURE_AUTORELEASING = YES;
				CLANG_WARN_BOOL_CONVERSION = YES;
				CLANG_WARN_COMMA = YES;
				CLANG_WARN_CONSTANT_CONVERSION = YES;
				CLANG_WARN_DEPRECATED_OBJC_IMPLEMENTATIONS = YES;
				CLANG_WARN_DIRECT_OBJC_ISA_USAGE = YES_ERROR;
				CLANG_WARN_DOCUMENTATION_COMMENTS = YES;
				CLANG_WARN_EMPTY_BODY = YES;
				CLANG_WARN_ENUM_CONVERSION = YES;
				CLANG_WARN_INFINITE_RECURSION = YES;
				CLANG_WARN_INT_CONVERSION = YES;
				CLANG_WARN_NON_LITERAL_NULL_CONVERSION = YES;
				CLANG_WARN_OBJC_IMPLICIT_RETAIN_SELF = YES;
				CLANG_WARN_OBJC_LITERAL_CONVERSION = YES;
				CLANG_WARN_OBJC_ROOT_CLASS = YES_ERROR;
				CLANG_WARN_QUOTED_INCLUDE_IN_FRAMEWORK_HEADER = YES;
				CLANG_WARN_RANGE_LOOP_ANALYSIS = YES;
				CLANG_WARN_STRICT_PROTOTYPES = YES;
				CLANG_WARN_SUSPICIOUS_MOVE = YES;
				CLANG_WARN_UNGUARDED_AVAILABILITY = YES_AGGRESSIVE;
				CLANG_WARN_UNREACHABLE_CODE = YES;
				CLANG_WARN__DUPLICATE_METHOD_MATCH = YES;
				COPY_PHASE_STRIP = NO;
				DEAD_CODE_STRIPPING = YES;
				DEBUG_INFORMATION_FORMAT = "dwarf-with-dsym";
				ENABLE_NS_ASSERTIONS = NO;
				ENABLE_STRICT_OBJC_MSGSEND = YES;
				GCC_C_LANGUAGE_STANDARD = gnu11;
				GCC_NO_COMMON_BLOCKS = YES;
				GCC_WARN_64_TO_32_BIT_CONVERSION = YES;
				GCC_WARN_ABOUT_RETURN_TYPE = YES_ERROR;
				GCC_WARN_UNDECLARED_SELECTOR = YES;
				GCC_WARN_UNINITIALIZED_AUTOS = YES_AGGRESSIVE;
				GCC_WARN_UNUSED_FUNCTION = YES;
				GCC_WARN_UNUSED_VARIABLE = YES;
				MTL_ENABLE_DEBUG_INFO = NO;
				MTL_FAST_MATH = YES;
				SWIFT_COMPILATION_MODE = wholemodule;
				SWIFT_OPTIMIZATION_LEVEL = "-O";
			};
			name = Release;
		};
		C0316B85275243CF00BBE3D9 /* Debug */ = {
			isa = XCBuildConfiguration;
			buildSettings = {
				ASSETCATALOG_COMPILER_APPICON_NAME = AppIcon;
				ASSETCATALOG_COMPILER_GLOBAL_ACCENT_COLOR_NAME = AccentColor;
				CODE_SIGN_ENTITLEMENTS = "Top (iOS).entitlements";
				CODE_SIGN_STYLE = Automatic;
				CURRENT_PROJECT_VERSION = 1;
				DEVELOPMENT_TEAM = QSR4FL5D2K;
				ENABLE_PREVIEWS = YES;
				GENERATE_INFOPLIST_FILE = YES;
				INFOPLIST_KEY_UIApplicationSceneManifest_Generation = YES;
				INFOPLIST_KEY_UIApplicationSupportsIndirectInputEvents = YES;
				INFOPLIST_KEY_UILaunchScreen_Generation = YES;
				INFOPLIST_KEY_UISupportedInterfaceOrientations = "UIInterfaceOrientationLandscapeLeft UIInterfaceOrientationLandscapeRight UIInterfaceOrientationPortrait";
				INFOPLIST_KEY_UISupportedInterfaceOrientations_iPad = "UIInterfaceOrientationPortrait UIInterfaceOrientationPortraitUpsideDown UIInterfaceOrientationLandscapeLeft UIInterfaceOrientationLandscapeRight";
				INFOPLIST_KEY_UISupportedInterfaceOrientations_iPhone = "UIInterfaceOrientationPortrait UIInterfaceOrientationLandscapeLeft UIInterfaceOrientationLandscapeRight";
				IPHONEOS_DEPLOYMENT_TARGET = 15.0;
				LD_RUNPATH_SEARCH_PATHS = (
					"$(inherited)",
					"@executable_path/Frameworks",
				);
				MARKETING_VERSION = 1.0;
				NEW_SETTING = "";
				NEW_SETTING1 = "";
				NEW_SETTING2 = "";
				PRODUCT_BUNDLE_IDENTIFIER = com.ottoryo.Top;
				PRODUCT_NAME = Top;
				SDKROOT = iphoneos;
				SWIFT_EMIT_LOC_STRINGS = YES;
				SWIFT_VERSION = 5.0;
				TARGETED_DEVICE_FAMILY = "1,2";
			};
			name = Debug;
		};
		C0316B86275243CF00BBE3D9 /* Release */ = {
			isa = XCBuildConfiguration;
			buildSettings = {
				ASSETCATALOG_COMPILER_APPICON_NAME = AppIcon;
				ASSETCATALOG_COMPILER_GLOBAL_ACCENT_COLOR_NAME = AccentColor;
				CODE_SIGN_ENTITLEMENTS = "Top (iOS).entitlements";
				CODE_SIGN_STYLE = Automatic;
				CURRENT_PROJECT_VERSION = 1;
				DEVELOPMENT_TEAM = QSR4FL5D2K;
				ENABLE_PREVIEWS = YES;
				GENERATE_INFOPLIST_FILE = YES;
				INFOPLIST_KEY_UIApplicationSceneManifest_Generation = YES;
				INFOPLIST_KEY_UIApplicationSupportsIndirectInputEvents = YES;
				INFOPLIST_KEY_UILaunchScreen_Generation = YES;
				INFOPLIST_KEY_UISupportedInterfaceOrientations = "UIInterfaceOrientationLandscapeLeft UIInterfaceOrientationLandscapeRight UIInterfaceOrientationPortrait";
				INFOPLIST_KEY_UISupportedInterfaceOrientations_iPad = "UIInterfaceOrientationPortrait UIInterfaceOrientationPortraitUpsideDown UIInterfaceOrientationLandscapeLeft UIInterfaceOrientationLandscapeRight";
				INFOPLIST_KEY_UISupportedInterfaceOrientations_iPhone = "UIInterfaceOrientationPortrait UIInterfaceOrientationLandscapeLeft UIInterfaceOrientationLandscapeRight";
				IPHONEOS_DEPLOYMENT_TARGET = 15.0;
				LD_RUNPATH_SEARCH_PATHS = (
					"$(inherited)",
					"@executable_path/Frameworks",
				);
				MARKETING_VERSION = 1.0;
				NEW_SETTING = "";
				NEW_SETTING1 = "";
				NEW_SETTING2 = "";
				PRODUCT_BUNDLE_IDENTIFIER = com.ottoryo.Top;
				PRODUCT_NAME = Top;
				SDKROOT = iphoneos;
				SWIFT_EMIT_LOC_STRINGS = YES;
				SWIFT_VERSION = 5.0;
				TARGETED_DEVICE_FAMILY = "1,2";
				VALIDATE_PRODUCT = YES;
			};
			name = Release;
		};
		C0316B88275243CF00BBE3D9 /* Debug */ = {
			isa = XCBuildConfiguration;
			buildSettings = {
				ASSETCATALOG_COMPILER_APPICON_NAME = AppIcon;
				ASSETCATALOG_COMPILER_GLOBAL_ACCENT_COLOR_NAME = AccentColor;
				CODE_SIGN_ENTITLEMENTS = macOS/macOS.entitlements;
				CODE_SIGN_IDENTITY = "-";
				CODE_SIGN_STYLE = Automatic;
				COMBINE_HIDPI_IMAGES = YES;
				CURRENT_PROJECT_VERSION = 1;
				DEAD_CODE_STRIPPING = YES;
				DEVELOPMENT_TEAM = QSR4FL5D2K;
				ENABLE_HARDENED_RUNTIME = YES;
				ENABLE_PREVIEWS = YES;
				GENERATE_INFOPLIST_FILE = YES;
				INFOPLIST_KEY_NSHumanReadableCopyright = "";
				LD_RUNPATH_SEARCH_PATHS = (
					"$(inherited)",
					"@executable_path/../Frameworks",
				);
				MACOSX_DEPLOYMENT_TARGET = 12.0;
				MARKETING_VERSION = 1.0;
				PRODUCT_BUNDLE_IDENTIFIER = com.frzi.RandomUsers;
				PRODUCT_NAME = Top;
				SDKROOT = macosx;
				SWIFT_EMIT_LOC_STRINGS = YES;
				SWIFT_VERSION = 5.0;
			};
			name = Debug;
		};
		C0316B89275243CF00BBE3D9 /* Release */ = {
			isa = XCBuildConfiguration;
			buildSettings = {
				ASSETCATALOG_COMPILER_APPICON_NAME = AppIcon;
				ASSETCATALOG_COMPILER_GLOBAL_ACCENT_COLOR_NAME = AccentColor;
				CODE_SIGN_ENTITLEMENTS = macOS/macOS.entitlements;
				CODE_SIGN_IDENTITY = "-";
				CODE_SIGN_STYLE = Automatic;
				COMBINE_HIDPI_IMAGES = YES;
				CURRENT_PROJECT_VERSION = 1;
				DEAD_CODE_STRIPPING = YES;
				DEVELOPMENT_TEAM = QSR4FL5D2K;
				ENABLE_HARDENED_RUNTIME = YES;
				ENABLE_PREVIEWS = YES;
				GENERATE_INFOPLIST_FILE = YES;
				INFOPLIST_KEY_NSHumanReadableCopyright = "";
				LD_RUNPATH_SEARCH_PATHS = (
					"$(inherited)",
					"@executable_path/../Frameworks",
				);
				MACOSX_DEPLOYMENT_TARGET = 12.0;
				MARKETING_VERSION = 1.0;
				PRODUCT_BUNDLE_IDENTIFIER = com.frzi.RandomUsers;
				PRODUCT_NAME = Top;
				SDKROOT = macosx;
				SWIFT_EMIT_LOC_STRINGS = YES;
				SWIFT_VERSION = 5.0;
			};
			name = Release;
		};
/* End XCBuildConfiguration section */

/* Begin XCConfigurationList section */
		C0316B52275243CC00BBE3D9 /* Build configuration list for PBXProject "Top" */ = {
			isa = XCConfigurationList;
			buildConfigurations = (
				C0316B82275243CF00BBE3D9 /* Debug */,
				C0316B83275243CF00BBE3D9 /* Release */,
			);
			defaultConfigurationIsVisible = 0;
			defaultConfigurationName = Release;
		};
		C0316B84275243CF00BBE3D9 /* Build configuration list for PBXNativeTarget "Top (iOS)" */ = {
			isa = XCConfigurationList;
			buildConfigurations = (
				C0316B85275243CF00BBE3D9 /* Debug */,
				C0316B86275243CF00BBE3D9 /* Release */,
			);
			defaultConfigurationIsVisible = 0;
			defaultConfigurationName = Release;
		};
		C0316B87275243CF00BBE3D9 /* Build configuration list for PBXNativeTarget "Top (macOS)" */ = {
			isa = XCConfigurationList;
			buildConfigurations = (
				C0316B88275243CF00BBE3D9 /* Debug */,
				C0316B89275243CF00BBE3D9 /* Release */,
			);
			defaultConfigurationIsVisible = 0;
			defaultConfigurationName = Release;
		};
/* End XCConfigurationList section */

/* Begin XCRemoteSwiftPackageReference section */
		C0DAACD0275BF3DD001A4EB4 /* XCRemoteSwiftPackageReference "SwiftUIRouter" */ = {
			isa = XCRemoteSwiftPackageReference;
			repositoryURL = "https://github.com/frzi/SwiftUIRouter";
			requirement = {
				kind = upToNextMajorVersion;
				minimumVersion = 1.3.0;
			};
		};
		DDF2E2CD2969053700B0DE45 /* XCRemoteSwiftPackageReference "firebase-ios-sdk" */ = {
			isa = XCRemoteSwiftPackageReference;
			repositoryURL = "https://github.com/firebase/firebase-ios-sdk.git";
			requirement = {
				kind = upToNextMajorVersion;
				minimumVersion = 9.0.0;
			};
		};
/* End XCRemoteSwiftPackageReference section */

/* Begin XCSwiftPackageProductDependency section */
		C0DAACD1275BF3DD001A4EB4 /* SwiftUIRouter */ = {
			isa = XCSwiftPackageProductDependency;
			package = C0DAACD0275BF3DD001A4EB4 /* XCRemoteSwiftPackageReference "SwiftUIRouter" */;
			productName = SwiftUIRouter;
		};
		C0DAACD3275BF3E4001A4EB4 /* SwiftUIRouter */ = {
			isa = XCSwiftPackageProductDependency;
			package = C0DAACD0275BF3DD001A4EB4 /* XCRemoteSwiftPackageReference "SwiftUIRouter" */;
			productName = SwiftUIRouter;
		};
		DDF2E2CE2969053700B0DE45 /* FirebaseAuth */ = {
			isa = XCSwiftPackageProductDependency;
			package = DDF2E2CD2969053700B0DE45 /* XCRemoteSwiftPackageReference "firebase-ios-sdk" */;
			productName = FirebaseAuth;
		};
		DDF2E2D02969053700B0DE45 /* FirebaseFirestore */ = {
			isa = XCSwiftPackageProductDependency;
			package = DDF2E2CD2969053700B0DE45 /* XCRemoteSwiftPackageReference "firebase-ios-sdk" */;
			productName = FirebaseFirestore;
		};
/* End XCSwiftPackageProductDependency section */
	};
	rootObject = C0316B4F275243CC00BBE3D9 /* Project object */;
}
